
Microsoft Visual Studio Solution File, Format Version 12.00
# Visual Studio 15
VisualStudioVersion = 15.0.28010.2016
MinimumVisualStudioVersion = 10.0.40219.1
Project("{FAE04EC0-301F-11D3-BF4B-00C04F79EFBC}") = "DruhaNejvetsiHodnota", "DruhaNejvetsiHodnota\DruhaNejvetsiHodnota.csproj", "{2A5FFD5F-4367-41CD-AE6B-600CDA06BA01}"
EndProject
Global
	GlobalSection(SolutionConfigurationPlatforms) = preSolution
		Debug|Any CPU = Debug|Any CPU
		Release|Any CPU = Release|Any CPU
	EndGlobalSection
	GlobalSection(ProjectConfigurationPlatforms) = postSolution
		{2A5FFD5F-4367-41CD-AE6B-600CDA06BA01}.Debug|Any CPU.ActiveCfg = Debug|Any CPU
		{2A5FFD5F-4367-41CD-AE6B-600CDA06BA01}.Debug|Any CPU.Build.0 = Debug|Any CPU
		{2A5FFD5F-4367-41CD-AE6B-600CDA06BA01}.Release|Any CPU.ActiveCfg = Release|Any CPU
		{2A5FFD5F-4367-41CD-AE6B-600CDA06BA01}.Release|Any CPU.Build.0 = Release|Any CPU
	EndGlobalSection
	GlobalSection(SolutionProperties) = preSolution
		HideSolutionNode = FALSE
	EndGlobalSection
	GlobalSection(ExtensibilityGlobals) = postSolution
		SolutionGuid = {9617A655-75DD-4E40-8ADF-4021D482E7F4}
	EndGlobalSection
EndGlobal
