
Microsoft Visual Studio Solution File, Format Version 12.00
# Visual Studio Version 16
VisualStudioVersion = 16.0.31729.503
MinimumVisualStudioVersion = 10.0.40219.1
Project("{FAE04EC0-301F-11D3-BF4B-00C04F79EFBC}") = "Test", "Test\Test.csproj", "{795B4374-F3EF-4CB8-B2B5-8ABF4954B5C2}"
EndProject
Global
	GlobalSection(SolutionConfigurationPlatforms) = preSolution
		Debug|Any CPU = Debug|Any CPU
		Release|Any CPU = Release|Any CPU
	EndGlobalSection
	GlobalSection(ProjectConfigurationPlatforms) = postSolution
		{795B4374-F3EF-4CB8-B2B5-8ABF4954B5C2}.Debug|Any CPU.ActiveCfg = Debug|Any CPU
		{795B4374-F3EF-4CB8-B2B5-8ABF4954B5C2}.Debug|Any CPU.Build.0 = Debug|Any CPU
		{795B4374-F3EF-4CB8-B2B5-8ABF4954B5C2}.Release|Any CPU.ActiveCfg = Release|Any CPU
		{795B4374-F3EF-4CB8-B2B5-8ABF4954B5C2}.Release|Any CPU.Build.0 = Release|Any CPU
	EndGlobalSection
	GlobalSection(SolutionProperties) = preSolution
		HideSolutionNode = FALSE
	EndGlobalSection
	GlobalSection(ExtensibilityGlobals) = postSolution
		SolutionGuid = {A43F9120-5DE9-4B66-AC39-F863E03587C3}
	EndGlobalSection
EndGlobal
