
Microsoft Visual Studio Solution File, Format Version 12.00
# Visual Studio Version 17
VisualStudioVersion = 17.14.36221.1 d17.14
MinimumVisualStudioVersion = 10.0.40219.1
Project("{FAE04EC0-301F-11D3-BF4B-00C04F79EFBC}") = "ExcelXMLSearchEngine", "ExcelXMLSearchEngine\ExcelXMLSearchEngine.csproj", "{D5808255-3106-492C-94E5-694DBE5469E8}"
EndProject
Global
	GlobalSection(SolutionConfigurationPlatforms) = preSolution
		Debug|Any CPU = Debug|Any CPU
		Release|Any CPU = Release|Any CPU
	EndGlobalSection
	GlobalSection(ProjectConfigurationPlatforms) = postSolution
		{D5808255-3106-492C-94E5-694DBE5469E8}.Debug|Any CPU.ActiveCfg = Debug|Any CPU
		{D5808255-3106-492C-94E5-694DBE5469E8}.Debug|Any CPU.Build.0 = Debug|Any CPU
		{D5808255-3106-492C-94E5-694DBE5469E8}.Release|Any CPU.ActiveCfg = Release|Any CPU
		{D5808255-3106-492C-94E5-694DBE5469E8}.Release|Any CPU.Build.0 = Release|Any CPU
	EndGlobalSection
	GlobalSection(SolutionProperties) = preSolution
		HideSolutionNode = FALSE
	EndGlobalSection
	GlobalSection(ExtensibilityGlobals) = postSolution
		SolutionGuid = {6579F79A-4DFD-427F-886A-FA4AC353EAD4}
	EndGlobalSection
EndGlobal
