
Microsoft Visual Studio Solution File, Format Version 12.00
# Visual Studio 15
VisualStudioVersion = 15.0.28010.2016
MinimumVisualStudioVersion = 10.0.40219.1
Project("{FAE04EC0-301F-11D3-BF4B-00C04F79EFBC}") = "Huffman_III", "Huffman III\Huffman_III.csproj", "{3E35DA83-CED7-4AAA-8AFC-D02DD75C7795}"
EndProject
Global
	GlobalSection(SolutionConfigurationPlatforms) = preSolution
		Debug|Any CPU = Debug|Any CPU
		Release|Any CPU = Release|Any CPU
	EndGlobalSection
	GlobalSection(ProjectConfigurationPlatforms) = postSolution
		{3E35DA83-CED7-4AAA-8AFC-D02DD75C7795}.Debug|Any CPU.ActiveCfg = Debug|Any CPU
		{3E35DA83-CED7-4AAA-8AFC-D02DD75C7795}.Debug|Any CPU.Build.0 = Debug|Any CPU
		{3E35DA83-CED7-4AAA-8AFC-D02DD75C7795}.Release|Any CPU.ActiveCfg = Release|Any CPU
		{3E35DA83-CED7-4AAA-8AFC-D02DD75C7795}.Release|Any CPU.Build.0 = Release|Any CPU
	EndGlobalSection
	GlobalSection(SolutionProperties) = preSolution
		HideSolutionNode = FALSE
	EndGlobalSection
	GlobalSection(ExtensibilityGlobals) = postSolution
		SolutionGuid = {4C27B138-AD3B-43DF-A532-1ED1098B4E07}
	EndGlobalSection
EndGlobal
