
Microsoft Visual Studio Solution File, Format Version 12.00
# Visual Studio Version 16
VisualStudioVersion = 16.0.32002.261
MinimumVisualStudioVersion = 10.0.40219.1
Project("{FAE04EC0-301F-11D3-BF4B-00C04F79EFBC}") = "Testing", "Testing\Testing.csproj", "{D64FE54B-64B6-4E6B-9A21-A0C0FA180757}"
EndProject
Global
	GlobalSection(SolutionConfigurationPlatforms) = preSolution
		Debug|Any CPU = Debug|Any CPU
		Release|Any CPU = Release|Any CPU
	EndGlobalSection
	GlobalSection(ProjectConfigurationPlatforms) = postSolution
		{D64FE54B-64B6-4E6B-9A21-A0C0FA180757}.Debug|Any CPU.ActiveCfg = Debug|Any CPU
		{D64FE54B-64B6-4E6B-9A21-A0C0FA180757}.Debug|Any CPU.Build.0 = Debug|Any CPU
		{D64FE54B-64B6-4E6B-9A21-A0C0FA180757}.Release|Any CPU.ActiveCfg = Release|Any CPU
		{D64FE54B-64B6-4E6B-9A21-A0C0FA180757}.Release|Any CPU.Build.0 = Release|Any CPU
	EndGlobalSection
	GlobalSection(SolutionProperties) = preSolution
		HideSolutionNode = FALSE
	EndGlobalSection
	GlobalSection(ExtensibilityGlobals) = postSolution
		SolutionGuid = {57F118FE-5FC2-4B3C-BE84-A7E56C2011DA}
	EndGlobalSection
EndGlobal
