
Microsoft Visual Studio Solution File, Format Version 12.00
# Visual Studio 15
VisualStudioVersion = 15.0.28010.2016
MinimumVisualStudioVersion = 10.0.40219.1
Project("{FAE04EC0-301F-11D3-BF4B-00C04F79EFBC}") = "KingMovingOnChessboard", "KingMovingOnChessboard\KingMovingOnChessboard.csproj", "{1F576A62-4166-45F0-B36A-389044B14752}"
EndProject
Global
	GlobalSection(SolutionConfigurationPlatforms) = preSolution
		Debug|Any CPU = Debug|Any CPU
		Release|Any CPU = Release|Any CPU
	EndGlobalSection
	GlobalSection(ProjectConfigurationPlatforms) = postSolution
		{1F576A62-4166-45F0-B36A-389044B14752}.Debug|Any CPU.ActiveCfg = Debug|Any CPU
		{1F576A62-4166-45F0-B36A-389044B14752}.Debug|Any CPU.Build.0 = Debug|Any CPU
		{1F576A62-4166-45F0-B36A-389044B14752}.Release|Any CPU.ActiveCfg = Release|Any CPU
		{1F576A62-4166-45F0-B36A-389044B14752}.Release|Any CPU.Build.0 = Release|Any CPU
	EndGlobalSection
	GlobalSection(SolutionProperties) = preSolution
		HideSolutionNode = FALSE
	EndGlobalSection
	GlobalSection(ExtensibilityGlobals) = postSolution
		SolutionGuid = {3753D301-11E7-4B65-8A76-654FF2C5C6C4}
	EndGlobalSection
EndGlobal
