
Microsoft Visual Studio Solution File, Format Version 12.00
# Visual Studio 15
VisualStudioVersion = 15.0.28010.2016
MinimumVisualStudioVersion = 10.0.40219.1
Project("{FAE04EC0-301F-11D3-BF4B-00C04F79EFBC}") = "Huffman II", "Huffman II\Huffman II.csproj", "{646DAE2A-EA5C-40FC-B2F0-65FB7FE05906}"
EndProject
Global
	GlobalSection(SolutionConfigurationPlatforms) = preSolution
		Debug|Any CPU = Debug|Any CPU
		Release|Any CPU = Release|Any CPU
	EndGlobalSection
	GlobalSection(ProjectConfigurationPlatforms) = postSolution
		{646DAE2A-EA5C-40FC-B2F0-65FB7FE05906}.Debug|Any CPU.ActiveCfg = Debug|Any CPU
		{646DAE2A-EA5C-40FC-B2F0-65FB7FE05906}.Debug|Any CPU.Build.0 = Debug|Any CPU
		{646DAE2A-EA5C-40FC-B2F0-65FB7FE05906}.Release|Any CPU.ActiveCfg = Release|Any CPU
		{646DAE2A-EA5C-40FC-B2F0-65FB7FE05906}.Release|Any CPU.Build.0 = Release|Any CPU
	EndGlobalSection
	GlobalSection(SolutionProperties) = preSolution
		HideSolutionNode = FALSE
	EndGlobalSection
	GlobalSection(ExtensibilityGlobals) = postSolution
		SolutionGuid = {C381FCA2-5D1B-421A-AED8-3018AF5435C7}
	EndGlobalSection
EndGlobal
