
Microsoft Visual Studio Solution File, Format Version 12.00
# Visual Studio Version 16
VisualStudioVersion = 16.0.32413.511
MinimumVisualStudioVersion = 10.0.40219.1
Project("{FAE04EC0-301F-11D3-BF4B-00C04F79EFBC}") = "ListDeleter", "ListDeleter\ListDeleter.csproj", "{76511A0E-18CC-4070-91D3-7C0735B7DB0E}"
EndProject
Global
	GlobalSection(SolutionConfigurationPlatforms) = preSolution
		Debug|Any CPU = Debug|Any CPU
		Release|Any CPU = Release|Any CPU
	EndGlobalSection
	GlobalSection(ProjectConfigurationPlatforms) = postSolution
		{76511A0E-18CC-4070-91D3-7C0735B7DB0E}.Debug|Any CPU.ActiveCfg = Debug|Any CPU
		{76511A0E-18CC-4070-91D3-7C0735B7DB0E}.Debug|Any CPU.Build.0 = Debug|Any CPU
		{76511A0E-18CC-4070-91D3-7C0735B7DB0E}.Release|Any CPU.ActiveCfg = Release|Any CPU
		{76511A0E-18CC-4070-91D3-7C0735B7DB0E}.Release|Any CPU.Build.0 = Release|Any CPU
	EndGlobalSection
	GlobalSection(SolutionProperties) = preSolution
		HideSolutionNode = FALSE
	EndGlobalSection
	GlobalSection(ExtensibilityGlobals) = postSolution
		SolutionGuid = {5ED14EDE-0640-4639-AD5E-804EA4BE7E3C}
	EndGlobalSection
EndGlobal
