
Microsoft Visual Studio Solution File, Format Version 12.00
# Visual Studio 15
VisualStudioVersion = 15.0.28010.2016
MinimumVisualStudioVersion = 10.0.40219.1
Project("{FAE04EC0-301F-11D3-BF4B-00C04F79EFBC}") = "Hodina1", "ConsoleApp1\Hodina1.csproj", "{F5F2131B-05A1-41A9-87D8-526373E243B7}"
EndProject
Global
	GlobalSection(SolutionConfigurationPlatforms) = preSolution
		Debug|Any CPU = Debug|Any CPU
		Release|Any CPU = Release|Any CPU
	EndGlobalSection
	GlobalSection(ProjectConfigurationPlatforms) = postSolution
		{F5F2131B-05A1-41A9-87D8-526373E243B7}.Debug|Any CPU.ActiveCfg = Debug|Any CPU
		{F5F2131B-05A1-41A9-87D8-526373E243B7}.Debug|Any CPU.Build.0 = Debug|Any CPU
		{F5F2131B-05A1-41A9-87D8-526373E243B7}.Release|Any CPU.ActiveCfg = Release|Any CPU
		{F5F2131B-05A1-41A9-87D8-526373E243B7}.Release|Any CPU.Build.0 = Release|Any CPU
	EndGlobalSection
	GlobalSection(SolutionProperties) = preSolution
		HideSolutionNode = FALSE
	EndGlobalSection
	GlobalSection(ExtensibilityGlobals) = postSolution
		SolutionGuid = {DCE33D54-BE36-47B0-A3E4-22E924D9F0CA}
	EndGlobalSection
EndGlobal
