
Microsoft Visual Studio Solution File, Format Version 12.00
# Visual Studio 15
VisualStudioVersion = 15.0.28010.2016
MinimumVisualStudioVersion = 10.0.40219.1
Project("{FAE04EC0-301F-11D3-BF4B-00C04F79EFBC}") = "Matice1", "Matice1\Matice1.csproj", "{7FFE3C41-B57D-4958-9B34-1648756AAC7C}"
EndProject
Global
	GlobalSection(SolutionConfigurationPlatforms) = preSolution
		Debug|Any CPU = Debug|Any CPU
		Release|Any CPU = Release|Any CPU
	EndGlobalSection
	GlobalSection(ProjectConfigurationPlatforms) = postSolution
		{7FFE3C41-B57D-4958-9B34-1648756AAC7C}.Debug|Any CPU.ActiveCfg = Debug|Any CPU
		{7FFE3C41-B57D-4958-9B34-1648756AAC7C}.Debug|Any CPU.Build.0 = Debug|Any CPU
		{7FFE3C41-B57D-4958-9B34-1648756AAC7C}.Release|Any CPU.ActiveCfg = Release|Any CPU
		{7FFE3C41-B57D-4958-9B34-1648756AAC7C}.Release|Any CPU.Build.0 = Release|Any CPU
	EndGlobalSection
	GlobalSection(SolutionProperties) = preSolution
		HideSolutionNode = FALSE
	EndGlobalSection
	GlobalSection(ExtensibilityGlobals) = postSolution
		SolutionGuid = {341A75B8-32BF-4456-BB61-1ACAE99358EB}
	EndGlobalSection
EndGlobal
