
Microsoft Visual Studio Solution File, Format Version 12.00
# Visual Studio Version 16
VisualStudioVersion = 16.0.32002.261
MinimumVisualStudioVersion = 10.0.40219.1
Project("{FAE04EC0-301F-11D3-BF4B-00C04F79EFBC}") = "WebTutorials", "WebTutorials\WebTutorials.csproj", "{47C269C3-1DA1-4CDA-8E08-385D36F82732}"
EndProject
Global
	GlobalSection(SolutionConfigurationPlatforms) = preSolution
		Debug|Any CPU = Debug|Any CPU
		Release|Any CPU = Release|Any CPU
	EndGlobalSection
	GlobalSection(ProjectConfigurationPlatforms) = postSolution
		{47C269C3-1DA1-4CDA-8E08-385D36F82732}.Debug|Any CPU.ActiveCfg = Debug|Any CPU
		{47C269C3-1DA1-4CDA-8E08-385D36F82732}.Debug|Any CPU.Build.0 = Debug|Any CPU
		{47C269C3-1DA1-4CDA-8E08-385D36F82732}.Release|Any CPU.ActiveCfg = Release|Any CPU
		{47C269C3-1DA1-4CDA-8E08-385D36F82732}.Release|Any CPU.Build.0 = Release|Any CPU
	EndGlobalSection
	GlobalSection(SolutionProperties) = preSolution
		HideSolutionNode = FALSE
	EndGlobalSection
	GlobalSection(ExtensibilityGlobals) = postSolution
		SolutionGuid = {DD54EED2-83DF-4981-8FEA-85201117326E}
	EndGlobalSection
EndGlobal
