
Microsoft Visual Studio Solution File, Format Version 12.00
# Visual Studio Version 17
VisualStudioVersion = 17.3.32901.215
MinimumVisualStudioVersion = 10.0.40219.1
Project("{FAE04EC0-301F-11D3-BF4B-00C04F79EFBC}") = "TeachingClassesCode1", "TeachingClassesCode1\TeachingClassesCode1.csproj", "{D22059C6-5D80-4358-867F-A3F11CBDE4AC}"
EndProject
Global
	GlobalSection(SolutionConfigurationPlatforms) = preSolution
		Debug|Any CPU = Debug|Any CPU
		Release|Any CPU = Release|Any CPU
	EndGlobalSection
	GlobalSection(ProjectConfigurationPlatforms) = postSolution
		{D22059C6-5D80-4358-867F-A3F11CBDE4AC}.Debug|Any CPU.ActiveCfg = Debug|Any CPU
		{D22059C6-5D80-4358-867F-A3F11CBDE4AC}.Debug|Any CPU.Build.0 = Debug|Any CPU
		{D22059C6-5D80-4358-867F-A3F11CBDE4AC}.Release|Any CPU.ActiveCfg = Release|Any CPU
		{D22059C6-5D80-4358-867F-A3F11CBDE4AC}.Release|Any CPU.Build.0 = Release|Any CPU
	EndGlobalSection
	GlobalSection(SolutionProperties) = preSolution
		HideSolutionNode = FALSE
	EndGlobalSection
	GlobalSection(ExtensibilityGlobals) = postSolution
		SolutionGuid = {8FC4B9D3-9E72-4970-BCAA-521E62B9C70D}
	EndGlobalSection
EndGlobal
